%{"cure": {:hex, :cure, "0.4.0"},
  "exprotobuf": {:hex, :exprotobuf, "0.8.5"},
  "gpb": {:git, "git://github.com/tomas-abrahamsson/gpb.git", "cad0d21c8d1867dc7f2ce0f6792c998ffa52fa4b", [tag: "3.17.2"]},
  "poolboy": {:git, "git://github.com/devinus/poolboy.git", "3bb48a893ff5598f7c73731ac17545206d259fac", [tag: "1.5.1"]},
  "porcelain": {:hex, :porcelain, "2.0.0"}}
